// !$*UTF8*$!
{
	archiveVersion = 1;
	classes = {
	};
	objectVersion = 55;
	objects = {

/* Begin PBXBuildFile section */
		ECE6B777289A44AA00525AD7 /* AppDelegate.swift in Sources */ = {isa = PBXBuildFile; fileRef = ECE6B776289A44AA00525AD7 /* AppDelegate.swift */; };
		ECE6B779289A44AA00525AD7 /* SceneDelegate.swift in Sources */ = {isa = PBXBuildFile; fileRef = ECE6B778289A44AA00525AD7 /* SceneDelegate.swift */; };
		ECE6B77B289A44AA00525AD7 /* ViewController.swift in Sources */ = {isa = PBXBuildFile; fileRef = ECE6B77A289A44AA00525AD7 /* ViewController.swift */; };
		ECE6B77E289A44AB00525AD7 /* Main.storyboard in Resources */ = {isa = PBXBuildFile; fileRef = ECE6B77C289A44AB00525AD7 /* Main.storyboard */; };
		ECE6B780289A44AD00525AD7 /* Assets.xcassets in Resources */ = {isa = PBXBuildFile; fileRef = ECE6B77F289A44AD00525AD7 /* Assets.xcassets */; };
		ECE6B783289A44AD00525AD7 /* LaunchScreen.storyboard in Resources */ = {isa = PBXBuildFile; fileRef = ECE6B781289A44AD00525AD7 /* LaunchScreen.storyboard */; };
		ECE6B78B289A4CD900525AD7 /* CustomTableViewCell.swift in Sources */ = {isa = PBXBuildFile; fileRef = ECE6B78A289A4CD900525AD7 /* CustomTableViewCell.swift */; };
		ECE6B78D289A542500525AD7 /* Articles.swift in Sources */ = {isa = PBXBuildFile; fileRef = ECE6B78C289A542500525AD7 /* Articles.swift */; };
		ECE6B78F289A54EA00525AD7 /* NewsFetchData.swift in Sources */ = {isa = PBXBuildFile; fileRef = ECE6B78E289A54E900525AD7 /* NewsFetchData.swift */; };
		ECE6B791289A55DE00525AD7 /* NewsDescriptionViewController.swift in Sources */ = {isa = PBXBuildFile; fileRef = ECE6B790289A55DE00525AD7 /* NewsDescriptionViewController.swift */; };
		F1D2EACDC744CEF65A97E019 /* Pods_NewsApp.framework in Frameworks */ = {isa = PBXBuildFile; fileRef = F9BCE15C5CC21E6BEDA86AE0 /* Pods_NewsApp.framework */; };
/* End PBXBuildFile section */

/* Begin PBXFileReference section */
		91EF094BE5FFE01BFD9840B6 /* Pods-NewsApp.release.xcconfig */ = {isa = PBXFileReference; includeInIndex = 1; lastKnownFileType = text.xcconfig; name = "Pods-NewsApp.release.xcconfig"; path = "Target Support Files/Pods-NewsApp/Pods-NewsApp.release.xcconfig"; sourceTree = "<group>"; };
		AC6DB8A208C09C6054A6DD35 /* Pods-NewsApp.debug.xcconfig */ = {isa = PBXFileReference; includeInIndex = 1; lastKnownFileType = text.xcconfig; name = "Pods-NewsApp.debug.xcconfig"; path = "Target Support Files/Pods-NewsApp/Pods-NewsApp.debug.xcconfig"; sourceTree = "<group>"; };
		ECE6B773289A44AA00525AD7 /* NewsApp.app */ = {isa = PBXFileReference; explicitFileType = wrapper.application; includeInIndex = 0; path = NewsApp.app; sourceTree = BUILT_PRODUCTS_DIR; };
		ECE6B776289A44AA00525AD7 /* AppDelegate.swift */ = {isa = PBXFileReference; lastKnownFileType = sourcecode.swift; path = AppDelegate.swift; sourceTree = "<group>"; };
		ECE6B778289A44AA00525AD7 /* SceneDelegate.swift */ = {isa = PBXFileReference; lastKnownFileType = sourcecode.swift; path = SceneDelegate.swift; sourceTree = "<group>"; };
		ECE6B77A289A44AA00525AD7 /* ViewController.swift */ = {isa = PBXFileReference; lastKnownFileType = sourcecode.swift; path = ViewController.swift; sourceTree = "<group>"; };
		ECE6B77D289A44AB00525AD7 /* Base */ = {isa = PBXFileReference; lastKnownFileType = file.storyboard; name = Base; path = Base.lproj/Main.storyboard; sourceTree = "<group>"; };
		ECE6B77F289A44AD00525AD7 /* Assets.xcassets */ = {isa = PBXFileReference; lastKnownFileType = folder.assetcatalog; path = Assets.xcassets; sourceTree = "<group>"; };
		ECE6B782289A44AD00525AD7 /* Base */ = {isa = PBXFileReference; lastKnownFileType = file.storyboard; name = Base; path = Base.lproj/LaunchScreen.storyboard; sourceTree = "<group>"; };
		ECE6B784289A44AD00525AD7 /* Info.plist */ = {isa = PBXFileReference; lastKnownFileType = text.plist.xml; path = Info.plist; sourceTree = "<group>"; };
		ECE6B78A289A4CD900525AD7 /* CustomTableViewCell.swift */ = {isa = PBXFileReference; lastKnownFileType = sourcecode.swift; path = CustomTableViewCell.swift; sourceTree = "<group>"; };
		ECE6B78C289A542500525AD7 /* Articles.swift */ = {isa = PBXFileReference; lastKnownFileType = sourcecode.swift; path = Articles.swift; sourceTree = "<group>"; };
		ECE6B78E289A54E900525AD7 /* NewsFetchData.swift */ = {isa = PBXFileReference; lastKnownFileType = sourcecode.swift; path = NewsFetchData.swift; sourceTree = "<group>"; };
		ECE6B790289A55DE00525AD7 /* NewsDescriptionViewController.swift */ = {isa = PBXFileReference; lastKnownFileType = sourcecode.swift; path = NewsDescriptionViewController.swift; sourceTree = "<group>"; };
		F9BCE15C5CC21E6BEDA86AE0 /* Pods_NewsApp.framework */ = {isa = PBXFileReference; explicitFileType = wrapper.framework; includeInIndex = 0; path = Pods_NewsApp.framework; sourceTree = BUILT_PRODUCTS_DIR; };
/* End PBXFileReference section */

/* Begin PBXFrameworksBuildPhase section */
		ECE6B770289A44AA00525AD7 /* Frameworks */ = {
			isa = PBXFrameworksBuildPhase;
			buildActionMask = 2147483647;
			files = (
				F1D2EACDC744CEF65A97E019 /* Pods_NewsApp.framework in Frameworks */,
			);
			runOnlyForDeploymentPostprocessing = 0;
		};
/* End PBXFrameworksBuildPhase section */

/* Begin PBXGroup section */
		7A7D515597313E8F65CB4B5D /* Frameworks */ = {
			isa = PBXGroup;
			children = (
				F9BCE15C5CC21E6BEDA86AE0 /* Pods_NewsApp.framework */,
			);
			name = Frameworks;
			sourceTree = "<group>";
		};
		B58A5CC16094B0670589081C /* Pods */ = {
			isa = PBXGroup;
			children = (
				AC6DB8A208C09C6054A6DD35 /* Pods-NewsApp.debug.xcconfig */,
				91EF094BE5FFE01BFD9840B6 /* Pods-NewsApp.release.xcconfig */,
			);
			path = Pods;
			sourceTree = "<group>";
		};
		ECE6B76A289A44AA00525AD7 = {
			isa = PBXGroup;
			children = (
				ECE6B775289A44AA00525AD7 /* NewsApp */,
				ECE6B774289A44AA00525AD7 /* Products */,
				B58A5CC16094B0670589081C /* Pods */,
				7A7D515597313E8F65CB4B5D /* Frameworks */,
			);
			sourceTree = "<group>";
		};
		ECE6B774289A44AA00525AD7 /* Products */ = {
			isa = PBXGroup;
			children = (
				ECE6B773289A44AA00525AD7 /* NewsApp.app */,
			);
			name = Products;
			sourceTree = "<group>";
		};
		ECE6B775289A44AA00525AD7 /* NewsApp */ = {
			isa = PBXGroup;
			children = (
				ECE6B776289A44AA00525AD7 /* AppDelegate.swift */,
				ECE6B778289A44AA00525AD7 /* SceneDelegate.swift */,
				ECE6B7B4289BBEC500525AD7 /* Model */,
				ECE6B7B5289BBEDC00525AD7 /* Controller */,
				ECE6B7B6289BBF0700525AD7 /* View */,
				ECE6B77F289A44AD00525AD7 /* Assets.xcassets */,
				ECE6B781289A44AD00525AD7 /* LaunchScreen.storyboard */,
				ECE6B784289A44AD00525AD7 /* Info.plist */,
			);
			path = NewsApp;
			sourceTree = "<group>";
		};
		ECE6B7B4289BBEC500525AD7 /* Model */ = {
			isa = PBXGroup;
			children = (
				ECE6B78A289A4CD900525AD7 /* CustomTableViewCell.swift */,
				ECE6B78C289A542500525AD7 /* Articles.swift */,
				ECE6B78E289A54E900525AD7 /* NewsFetchData.swift */,
			);
			path = Model;
			sourceTree = "<group>";
		};
		ECE6B7B5289BBEDC00525AD7 /* Controller */ = {
			isa = PBXGroup;
			children = (
				ECE6B77A289A44AA00525AD7 /* ViewController.swift */,
				ECE6B790289A55DE00525AD7 /* NewsDescriptionViewController.swift */,
			);
			path = Controller;
			sourceTree = "<group>";
		};
		ECE6B7B6289BBF0700525AD7 /* View */ = {
			isa = PBXGroup;
			children = (
				ECE6B77C289A44AB00525AD7 /* Main.storyboard */,
			);
			path = View;
			sourceTree = "<group>";
		};
/* End PBXGroup section */

/* Begin PBXNativeTarget section */
		ECE6B772289A44AA00525AD7 /* NewsApp */ = {
			isa = PBXNativeTarget;
			buildConfigurationList = ECE6B787289A44AD00525AD7 /* Build configuration list for PBXNativeTarget "NewsApp" */;
			buildPhases = (
				8AAE10D5A3B3621C8C826DFD /* [CP] Check Pods Manifest.lock */,
				ECE6B76F289A44AA00525AD7 /* Sources */,
				ECE6B770289A44AA00525AD7 /* Frameworks */,
				ECE6B771289A44AA00525AD7 /* Resources */,
				1CA56CEE5A645F5D32B5FA1E /* [CP] Embed Pods Frameworks */,
			);
			buildRules = (
			);
			dependencies = (
			);
			name = NewsApp;
			productName = NewsApp;
			productReference = ECE6B773289A44AA00525AD7 /* NewsApp.app */;
			productType = "com.apple.product-type.application";
		};
/* End PBXNativeTarget section */

/* Begin PBXProject section */
		ECE6B76B289A44AA00525AD7 /* Project object */ = {
			isa = PBXProject;
			attributes = {
				BuildIndependentTargetsInParallel = 1;
				LastSwiftUpdateCheck = 1340;
				LastUpgradeCheck = 1340;
				TargetAttributes = {
					ECE6B772289A44AA00525AD7 = {
						CreatedOnToolsVersion = 13.4;
					};
				};
			};
			buildConfigurationList = ECE6B76E289A44AA00525AD7 /* Build configuration list for PBXProject "NewsApp" */;
			compatibilityVersion = "Xcode 13.0";
			developmentRegion = en;
			hasScannedForEncodings = 0;
			knownRegions = (
				en,
				Base,
			);
			mainGroup = ECE6B76A289A44AA00525AD7;
			productRefGroup = ECE6B774289A44AA00525AD7 /* Products */;
			projectDirPath = "";
			projectRoot = "";
			targets = (
				ECE6B772289A44AA00525AD7 /* NewsApp */,
			);
		};
/* End PBXProject section */

/* Begin PBXResourcesBuildPhase section */
		ECE6B771289A44AA00525AD7 /* Resources */ = {
			isa = PBXResourcesBuildPhase;
			buildActionMask = 2147483647;
			files = (
				ECE6B783289A44AD00525AD7 /* LaunchScreen.storyboard in Resources */,
				ECE6B780289A44AD00525AD7 /* Assets.xcassets in Resources */,
				ECE6B77E289A44AB00525AD7 /* Main.storyboard in Resources */,
			);
			runOnlyForDeploymentPostprocessing = 0;
		};
/* End PBXResourcesBuildPhase section */

/* Begin PBXShellScriptBuildPhase section */
		1CA56CEE5A645F5D32B5FA1E /* [CP] Embed Pods Frameworks */ = {
			isa = PBXShellScriptBuildPhase;
			buildActionMask = 2147483647;
			files = (
			);
			inputFileListPaths = (
				"${PODS_ROOT}/Target Support Files/Pods-NewsApp/Pods-NewsApp-frameworks-${CONFIGURATION}-input-files.xcfilelist",
			);
			name = "[CP] Embed Pods Frameworks";
			outputFileListPaths = (
				"${PODS_ROOT}/Target Support Files/Pods-NewsApp/Pods-NewsApp-frameworks-${CONFIGURATION}-output-files.xcfilelist",
			);
			runOnlyForDeploymentPostprocessing = 0;
			shellPath = /bin/sh;
			shellScript = "\"${PODS_ROOT}/Target Support Files/Pods-NewsApp/Pods-NewsApp-frameworks.sh\"\n";
			showEnvVarsInLog = 0;
		};
		8AAE10D5A3B3621C8C826DFD /* [CP] Check Pods Manifest.lock */ = {
			isa = PBXShellScriptBuildPhase;
			buildActionMask = 2147483647;
			files = (
			);
			inputFileListPaths = (
			);
			inputPaths = (
				"${PODS_PODFILE_DIR_PATH}/Podfile.lock",
				"${PODS_ROOT}/Manifest.lock",
			);
			name = "[CP] Check Pods Manifest.lock";
			outputFileListPaths = (
			);
			outputPaths = (
				"$(DERIVED_FILE_DIR)/Pods-NewsApp-checkManifestLockResult.txt",
			);
			runOnlyForDeploymentPostprocessing = 0;
			shellPath = /bin/sh;
			shellScript = "diff \"${PODS_PODFILE_DIR_PATH}/Podfile.lock\" \"${PODS_ROOT}/Manifest.lock\" > /dev/null\nif [ $? != 0 ] ; then\n    # print error to STDERR\n    echo \"error: The sandbox is not in sync with the Podfile.lock. Run 'pod install' or update your CocoaPods installation.\" >&2\n    exit 1\nfi\n# This output is used by Xcode 'outputs' to avoid re-running this script phase.\necho \"SUCCESS\" > \"${SCRIPT_OUTPUT_FILE_0}\"\n";
			showEnvVarsInLog = 0;
		};
/* End PBXShellScriptBuildPhase section */

/* Begin PBXSourcesBuildPhase section */
		ECE6B76F289A44AA00525AD7 /* Sources */ = {
			isa = PBXSourcesBuildPhase;
			buildActionMask = 2147483647;
			files = (
				ECE6B77B289A44AA00525AD7 /* ViewController.swift in Sources */,
				ECE6B78D289A542500525AD7 /* Articles.swift in Sources */,
				ECE6B777289A44AA00525AD7 /* AppDelegate.swift in Sources */,
				ECE6B78B289A4CD900525AD7 /* CustomTableViewCell.swift in Sources */,
				ECE6B779289A44AA00525AD7 /* SceneDelegate.swift in Sources */,
				ECE6B791289A55DE00525AD7 /* NewsDescriptionViewController.swift in Sources */,
				ECE6B78F289A54EA00525AD7 /* NewsFetchData.swift in Sources */,
			);
			runOnlyForDeploymentPostprocessing = 0;
		};
/* End PBXSourcesBuildPhase section */

/* Begin PBXVariantGroup section */
		ECE6B77C289A44AB00525AD7 /* Main.storyboard */ = {
			isa = PBXVariantGroup;
			children = (
				ECE6B77D289A44AB00525AD7 /* Base */,
			);
			name = Main.storyboard;
			sourceTree = "<group>";
		};
		ECE6B781289A44AD00525AD7 /* LaunchScreen.storyboard */ = {
			isa = PBXVariantGroup;
			children = (
				ECE6B782289A44AD00525AD7 /* Base */,
			);
			name = LaunchScreen.storyboard;
			sourceTree = "<group>";
		};
/* End PBXVariantGroup section */

/* Begin XCBuildConfiguration section */
		ECE6B785289A44AD00525AD7 /* Debug */ = {
			isa = XCBuildConfiguration;
			buildSettings = {
				ALWAYS_SEARCH_USER_PATHS = NO;
				CLANG_ANALYZER_NONNULL = YES;
				CLANG_ANALYZER_NUMBER_OBJECT_CONVERSION = YES_AGGRESSIVE;
				CLANG_CXX_LANGUAGE_STANDARD = "gnu++17";
				CLANG_ENABLE_MODULES = YES;
				CLANG_ENABLE_OBJC_ARC = YES;
				CLANG_ENABLE_OBJC_WEAK = YES;
				CLANG_WARN_BLOCK_CAPTURE_AUTORELEASING = YES;
				CLANG_WARN_BOOL_CONVERSION = YES;
				CLANG_WARN_COMMA = YES;
				CLANG_WARN_CONSTANT_CONVERSION = YES;
				CLANG_WARN_DEPRECATED_OBJC_IMPLEMENTATIONS = YES;
				CLANG_WARN_DIRECT_OBJC_ISA_USAGE = YES_ERROR;
				CLANG_WARN_DOCUMENTATION_COMMENTS = YES;
				CLANG_WARN_EMPTY_BODY = YES;
				CLANG_WARN_ENUM_CONVERSION = YES;
				CLANG_WARN_INFINITE_RECURSION = YES;
				CLANG_WARN_INT_CONVERSION = YES;
				CLANG_WARN_NON_LITERAL_NULL_CONVERSION = YES;
				CLANG_WARN_OBJC_IMPLICIT_RETAIN_SELF = YES;
				CLANG_WARN_OBJC_LITERAL_CONVERSION = YES;
				CLANG_WARN_OBJC_ROOT_CLASS = YES_ERROR;
				CLANG_WARN_QUOTED_INCLUDE_IN_FRAMEWORK_HEADER = YES;
				CLANG_WARN_RANGE_LOOP_ANALYSIS = YES;
				CLANG_WARN_STRICT_PROTOTYPES = YES;
				CLANG_WARN_SUSPICIOUS_MOVE = YES;
				CLANG_WARN_UNGUARDED_AVAILABILITY = YES_AGGRESSIVE;
				CLANG_WARN_UNREACHABLE_CODE = YES;
				CLANG_WARN__DUPLICATE_METHOD_MATCH = YES;
				COPY_PHASE_STRIP = NO;
				DEBUG_INFORMATION_FORMAT = dwarf;
				ENABLE_STRICT_OBJC_MSGSEND = YES;
				ENABLE_TESTABILITY = YES;
				GCC_C_LANGUAGE_STANDARD = gnu11;
				GCC_DYNAMIC_NO_PIC = NO;
				GCC_NO_COMMON_BLOCKS = YES;
				GCC_OPTIMIZATION_LEVEL = 0;
				GCC_PREPROCESSOR_DEFINITIONS = (
					"DEBUG=1",
					"$(inherited)",
				);
				GCC_WARN_64_TO_32_BIT_CONVERSION = YES;
				GCC_WARN_ABOUT_RETURN_TYPE = YES_ERROR;
				GCC_WARN_UNDECLARED_SELECTOR = YES;
				GCC_WARN_UNINITIALIZED_AUTOS = YES_AGGRESSIVE;
				GCC_WARN_UNUSED_FUNCTION = YES;
				GCC_WARN_UNUSED_VARIABLE = YES;
				IPHONEOS_DEPLOYMENT_TARGET = 15.5;
				MTL_ENABLE_DEBUG_INFO = INCLUDE_SOURCE;
				MTL_FAST_MATH = YES;
				ONLY_ACTIVE_ARCH = YES;
				SDKROOT = iphoneos;
				SWIFT_ACTIVE_COMPILATION_CONDITIONS = DEBUG;
				SWIFT_OPTIMIZATION_LEVEL = "-Onone";
			};
			name = Debug;
		};
		ECE6B786289A44AD00525AD7 /* Release */ = {
			isa = XCBuildConfiguration;
			buildSettings = {
				ALWAYS_SEARCH_USER_PATHS = NO;
				CLANG_ANALYZER_NONNULL = YES;
				CLANG_ANALYZER_NUMBER_OBJECT_CONVERSION = YES_AGGRESSIVE;
				CLANG_CXX_LANGUAGE_STANDARD = "gnu++17";
				CLANG_ENABLE_MODULES = YES;
				CLANG_ENABLE_OBJC_ARC = YES;
				CLANG_ENABLE_OBJC_WEAK = YES;
				CLANG_WARN_BLOCK_CAPTURE_AUTORELEASING = YES;
				CLANG_WARN_BOOL_CONVERSION = YES;
				CLANG_WARN_COMMA = YES;
				CLANG_WARN_CONSTANT_CONVERSION = YES;
				CLANG_WARN_DEPRECATED_OBJC_IMPLEMENTATIONS = YES;
				CLANG_WARN_DIRECT_OBJC_ISA_USAGE = YES_ERROR;
				CLANG_WARN_DOCUMENTATION_COMMENTS = YES;
				CLANG_WARN_EMPTY_BODY = YES;
				CLANG_WARN_ENUM_CONVERSION = YES;
				CLANG_WARN_INFINITE_RECURSION = YES;
				CLANG_WARN_INT_CONVERSION = YES;
				CLANG_WARN_NON_LITERAL_NULL_CONVERSION = YES;
				CLANG_WARN_OBJC_IMPLICIT_RETAIN_SELF = YES;
				CLANG_WARN_OBJC_LITERAL_CONVERSION = YES;
				CLANG_WARN_OBJC_ROOT_CLASS = YES_ERROR;
				CLANG_WARN_QUOTED_INCLUDE_IN_FRAMEWORK_HEADER = YES;
				CLANG_WARN_RANGE_LOOP_ANALYSIS = YES;
				CLANG_WARN_STRICT_PROTOTYPES = YES;
				CLANG_WARN_SUSPICIOUS_MOVE = YES;
				CLANG_WARN_UNGUARDED_AVAILABILITY = YES_AGGRESSIVE;
				CLANG_WARN_UNREACHABLE_CODE = YES;
				CLANG_WARN__DUPLICATE_METHOD_MATCH = YES;
				COPY_PHASE_STRIP = NO;
				DEBUG_INFORMATION_FORMAT = "dwarf-with-dsym";
				ENABLE_NS_ASSERTIONS = NO;
				ENABLE_STRICT_OBJC_MSGSEND = YES;
				GCC_C_LANGUAGE_STANDARD = gnu11;
				GCC_NO_COMMON_BLOCKS = YES;
				GCC_WARN_64_TO_32_BIT_CONVERSION = YES;
				GCC_WARN_ABOUT_RETURN_TYPE = YES_ERROR;
				GCC_WARN_UNDECLARED_SELECTOR = YES;
				GCC_WARN_UNINITIALIZED_AUTOS = YES_AGGRESSIVE;
				GCC_WARN_UNUSED_FUNCTION = YES;
				GCC_WARN_UNUSED_VARIABLE = YES;
				IPHONEOS_DEPLOYMENT_TARGET = 15.5;
				MTL_ENABLE_DEBUG_INFO = NO;
				MTL_FAST_MATH = YES;
				SDKROOT = iphoneos;
				SWIFT_COMPILATION_MODE = wholemodule;
				SWIFT_OPTIMIZATION_LEVEL = "-O";
				VALIDATE_PRODUCT = YES;
			};
			name = Release;
		};
		ECE6B788289A44AD00525AD7 /* Debug */ = {
			isa = XCBuildConfiguration;
			baseConfigurationReference = AC6DB8A208C09C6054A6DD35 /* Pods-NewsApp.debug.xcconfig */;
			buildSettings = {
				ASSETCATALOG_COMPILER_APPICON_NAME = AppIcon;
				ASSETCATALOG_COMPILER_GLOBAL_ACCENT_COLOR_NAME = AccentColor;
				CODE_SIGN_STYLE = Automatic;
				CURRENT_PROJECT_VERSION = 1;
				DEVELOPMENT_TEAM = 9U25W5L75B;
				GENERATE_INFOPLIST_FILE = YES;
				INFOPLIST_FILE = NewsApp/Info.plist;
				INFOPLIST_KEY_UIApplicationSupportsIndirectInputEvents = YES;
				INFOPLIST_KEY_UILaunchStoryboardName = LaunchScreen;
				INFOPLIST_KEY_UIMainStoryboardFile = Main;
				INFOPLIST_KEY_UISupportedInterfaceOrientations_iPad = "UIInterfaceOrientationPortrait UIInterfaceOrientationPortraitUpsideDown UIInterfaceOrientationLandscapeLeft UIInterfaceOrientationLandscapeRight";
				INFOPLIST_KEY_UISupportedInterfaceOrientations_iPhone = "UIInterfaceOrientationPortrait UIInterfaceOrientationLandscapeLeft UIInterfaceOrientationLandscapeRight";
				IPHONEOS_DEPLOYMENT_TARGET = 15.5;
				LD_RUNPATH_SEARCH_PATHS = (
					"$(inherited)",
					"@executable_path/Frameworks",
				);
				MARKETING_VERSION = 1.0;
				PRODUCT_BUNDLE_IDENTIFIER = com.suraj.NewsApp;
				PRODUCT_NAME = "$(TARGET_NAME)";
				SWIFT_EMIT_LOC_STRINGS = YES;
				SWIFT_VERSION = 5.0;
				TARGETED_DEVICE_FAMILY = "1,2";
			};
			name = Debug;
		};
		ECE6B789289A44AD00525AD7 /* Release */ = {
			isa = XCBuildConfiguration;
			baseConfigurationReference = 91EF094BE5FFE01BFD9840B6 /* Pods-NewsApp.release.xcconfig */;
			buildSettings = {
				ASSETCATALOG_COMPILER_APPICON_NAME = AppIcon;
				ASSETCATALOG_COMPILER_GLOBAL_ACCENT_COLOR_NAME = AccentColor;
				CODE_SIGN_STYLE = Automatic;
				CURRENT_PROJECT_VERSION = 1;
				DEVELOPMENT_TEAM = 9U25W5L75B;
				GENERATE_INFOPLIST_FILE = YES;
				INFOPLIST_FILE = NewsApp/Info.plist;
				INFOPLIST_KEY_UIApplicationSupportsIndirectInputEvents = YES;
				INFOPLIST_KEY_UILaunchStoryboardName = LaunchScreen;
				INFOPLIST_KEY_UIMainStoryboardFile = Main;
				INFOPLIST_KEY_UISupportedInterfaceOrientations_iPad = "UIInterfaceOrientationPortrait UIInterfaceOrientationPortraitUpsideDown UIInterfaceOrientationLandscapeLeft UIInterfaceOrientationLandscapeRight";
				INFOPLIST_KEY_UISupportedInterfaceOrientations_iPhone = "UIInterfaceOrientationPortrait UIInterfaceOrientationLandscapeLeft UIInterfaceOrientationLandscapeRight";
				IPHONEOS_DEPLOYMENT_TARGET = 15.5;
				LD_RUNPATH_SEARCH_PATHS = (
					"$(inherited)",
					"@executable_path/Frameworks",
				);
				MARKETING_VERSION = 1.0;
				PRODUCT_BUNDLE_IDENTIFIER = com.suraj.NewsApp;
				PRODUCT_NAME = "$(TARGET_NAME)";
				SWIFT_EMIT_LOC_STRINGS = YES;
				SWIFT_VERSION = 5.0;
				TARGETED_DEVICE_FAMILY = "1,2";
			};
			name = Release;
		};
/* End XCBuildConfiguration section */

/* Begin XCConfigurationList section */
		ECE6B76E289A44AA00525AD7 /* Build configuration list for PBXProject "NewsApp" */ = {
			isa = XCConfigurationList;
			buildConfigurations = (
				ECE6B785289A44AD00525AD7 /* Debug */,
				ECE6B786289A44AD00525AD7 /* Release */,
			);
			defaultConfigurationIsVisible = 0;
			defaultConfigurationName = Release;
		};
		ECE6B787289A44AD00525AD7 /* Build configuration list for PBXNativeTarget "NewsApp" */ = {
			isa = XCConfigurationList;
			buildConfigurations = (
				ECE6B788289A44AD00525AD7 /* Debug */,
				ECE6B789289A44AD00525AD7 /* Release */,
			);
			defaultConfigurationIsVisible = 0;
			defaultConfigurationName = Release;
		};
/* End XCConfigurationList section */
	};
	rootObject = ECE6B76B289A44AA00525AD7 /* Project object */;
}
